
Microsoft Visual Studio Solution File, Format Version 12.00
# Visual Studio 15
VisualStudioVersion = 15.0.26124.0
MinimumVisualStudioVersion = 15.0.26124.0
Project("{FAE04EC0-301F-11D3-BF4B-00C04F79EFBC}") = "LogStore.WebApi", "1_Api\LogStore.WebApi\LogStore.WebApi.csproj", "{ED15C6E5-3B2C-4CAB-8A4B-DC3C421FD63A}"
EndProject
Project("{2150E333-8FDC-42A3-9474-1A3956D46DE8}") = "2-Domain", "2-Domain", "{A29740CE-A6C4-4543-9843-9CB178579BB9}"
EndProject
Project("{FAE04EC0-301F-11D3-BF4B-00C04F79EFBC}") = "LogStore.Domain", "2-Domain\LogStore.Domain\LogStore.Domain.csproj", "{3ECC3304-9C0D-467A-A85B-7B4FAD704FF8}"
EndProject
Project("{2150E333-8FDC-42A3-9474-1A3956D46DE8}") = "3_Infra", "3_Infra", "{DEB8A5A6-80CE-4BB2-BB7D-5CC194AC05A7}"
EndProject
Project("{FAE04EC0-301F-11D3-BF4B-00C04F79EFBC}") = "LogStore.Infra", "3_Infra\LogStore.Infra\LogStore.Infra.csproj", "{D3FE5AB3-CAF4-4DC5-B598-AB90409494F3}"
EndProject
Project("{2150E333-8FDC-42A3-9474-1A3956D46DE8}") = "4_Shared", "4_Shared", "{E881F816-8CD3-4C91-B006-2B134B5D885B}"
EndProject
Project("{FAE04EC0-301F-11D3-BF4B-00C04F79EFBC}") = "LogStore.Shared", "4_Shared\LogStore.Shared\LogStore.Shared.csproj", "{987EE0D7-85A5-49D0-8D83-1955A0F2E9C7}"
EndProject
Global
	GlobalSection(SolutionConfigurationPlatforms) = preSolution
		Debug|Any CPU = Debug|Any CPU
		Debug|x64 = Debug|x64
		Debug|x86 = Debug|x86
		Release|Any CPU = Release|Any CPU
		Release|x64 = Release|x64
		Release|x86 = Release|x86
	EndGlobalSection
	GlobalSection(SolutionProperties) = preSolution
		HideSolutionNode = FALSE
	EndGlobalSection
	GlobalSection(ProjectConfigurationPlatforms) = postSolution
		{BA2A5555-679F-4608-888C-0FA9EFDEF02A}.Debug|Any CPU.ActiveCfg = Debug|Any CPU
		{BA2A5555-679F-4608-888C-0FA9EFDEF02A}.Debug|Any CPU.Build.0 = Debug|Any CPU
		{BA2A5555-679F-4608-888C-0FA9EFDEF02A}.Debug|x64.ActiveCfg = Debug|Any CPU
		{BA2A5555-679F-4608-888C-0FA9EFDEF02A}.Debug|x64.Build.0 = Debug|Any CPU
		{BA2A5555-679F-4608-888C-0FA9EFDEF02A}.Debug|x86.ActiveCfg = Debug|Any CPU
		{BA2A5555-679F-4608-888C-0FA9EFDEF02A}.Debug|x86.Build.0 = Debug|Any CPU
		{BA2A5555-679F-4608-888C-0FA9EFDEF02A}.Release|Any CPU.ActiveCfg = Release|Any CPU
		{BA2A5555-679F-4608-888C-0FA9EFDEF02A}.Release|Any CPU.Build.0 = Release|Any CPU
		{BA2A5555-679F-4608-888C-0FA9EFDEF02A}.Release|x64.ActiveCfg = Release|Any CPU
		{BA2A5555-679F-4608-888C-0FA9EFDEF02A}.Release|x64.Build.0 = Release|Any CPU
		{BA2A5555-679F-4608-888C-0FA9EFDEF02A}.Release|x86.ActiveCfg = Release|Any CPU
		{BA2A5555-679F-4608-888C-0FA9EFDEF02A}.Release|x86.Build.0 = Release|Any CPU
		{0764860E-D915-4F05-B96A-A5179C75E275}.Debug|Any CPU.ActiveCfg = Debug|Any CPU
		{0764860E-D915-4F05-B96A-A5179C75E275}.Debug|Any CPU.Build.0 = Debug|Any CPU
		{0764860E-D915-4F05-B96A-A5179C75E275}.Debug|x64.ActiveCfg = Debug|Any CPU
		{0764860E-D915-4F05-B96A-A5179C75E275}.Debug|x64.Build.0 = Debug|Any CPU
		{0764860E-D915-4F05-B96A-A5179C75E275}.Debug|x86.ActiveCfg = Debug|Any CPU
		{0764860E-D915-4F05-B96A-A5179C75E275}.Debug|x86.Build.0 = Debug|Any CPU
		{0764860E-D915-4F05-B96A-A5179C75E275}.Release|Any CPU.ActiveCfg = Release|Any CPU
		{0764860E-D915-4F05-B96A-A5179C75E275}.Release|Any CPU.Build.0 = Release|Any CPU
		{0764860E-D915-4F05-B96A-A5179C75E275}.Release|x64.ActiveCfg = Release|Any CPU
		{0764860E-D915-4F05-B96A-A5179C75E275}.Release|x64.Build.0 = Release|Any CPU
		{0764860E-D915-4F05-B96A-A5179C75E275}.Release|x86.ActiveCfg = Release|Any CPU
		{0764860E-D915-4F05-B96A-A5179C75E275}.Release|x86.Build.0 = Release|Any CPU
		{D14054C7-565B-451F-A7F6-33B01E1C7F4D}.Debug|Any CPU.ActiveCfg = Debug|Any CPU
		{D14054C7-565B-451F-A7F6-33B01E1C7F4D}.Debug|Any CPU.Build.0 = Debug|Any CPU
		{D14054C7-565B-451F-A7F6-33B01E1C7F4D}.Debug|x64.ActiveCfg = Debug|Any CPU
		{D14054C7-565B-451F-A7F6-33B01E1C7F4D}.Debug|x64.Build.0 = Debug|Any CPU
		{D14054C7-565B-451F-A7F6-33B01E1C7F4D}.Debug|x86.ActiveCfg = Debug|Any CPU
		{D14054C7-565B-451F-A7F6-33B01E1C7F4D}.Debug|x86.Build.0 = Debug|Any CPU
		{D14054C7-565B-451F-A7F6-33B01E1C7F4D}.Release|Any CPU.ActiveCfg = Release|Any CPU
		{D14054C7-565B-451F-A7F6-33B01E1C7F4D}.Release|Any CPU.Build.0 = Release|Any CPU
		{D14054C7-565B-451F-A7F6-33B01E1C7F4D}.Release|x64.ActiveCfg = Release|Any CPU
		{D14054C7-565B-451F-A7F6-33B01E1C7F4D}.Release|x64.Build.0 = Release|Any CPU
		{D14054C7-565B-451F-A7F6-33B01E1C7F4D}.Release|x86.ActiveCfg = Release|Any CPU
		{D14054C7-565B-451F-A7F6-33B01E1C7F4D}.Release|x86.Build.0 = Release|Any CPU
		{200FE487-E85E-40C3-9EFF-2086233CA27F}.Debug|Any CPU.ActiveCfg = Debug|Any CPU
		{200FE487-E85E-40C3-9EFF-2086233CA27F}.Debug|Any CPU.Build.0 = Debug|Any CPU
		{200FE487-E85E-40C3-9EFF-2086233CA27F}.Debug|x64.ActiveCfg = Debug|Any CPU
		{200FE487-E85E-40C3-9EFF-2086233CA27F}.Debug|x64.Build.0 = Debug|Any CPU
		{200FE487-E85E-40C3-9EFF-2086233CA27F}.Debug|x86.ActiveCfg = Debug|Any CPU
		{200FE487-E85E-40C3-9EFF-2086233CA27F}.Debug|x86.Build.0 = Debug|Any CPU
		{200FE487-E85E-40C3-9EFF-2086233CA27F}.Release|Any CPU.ActiveCfg = Release|Any CPU
		{200FE487-E85E-40C3-9EFF-2086233CA27F}.Release|Any CPU.Build.0 = Release|Any CPU
		{200FE487-E85E-40C3-9EFF-2086233CA27F}.Release|x64.ActiveCfg = Release|Any CPU
		{200FE487-E85E-40C3-9EFF-2086233CA27F}.Release|x64.Build.0 = Release|Any CPU
		{200FE487-E85E-40C3-9EFF-2086233CA27F}.Release|x86.ActiveCfg = Release|Any CPU
		{200FE487-E85E-40C3-9EFF-2086233CA27F}.Release|x86.Build.0 = Release|Any CPU
		{ED15C6E5-3B2C-4CAB-8A4B-DC3C421FD63A}.Debug|Any CPU.ActiveCfg = Debug|Any CPU
		{ED15C6E5-3B2C-4CAB-8A4B-DC3C421FD63A}.Debug|Any CPU.Build.0 = Debug|Any CPU
		{ED15C6E5-3B2C-4CAB-8A4B-DC3C421FD63A}.Debug|x64.ActiveCfg = Debug|Any CPU
		{ED15C6E5-3B2C-4CAB-8A4B-DC3C421FD63A}.Debug|x64.Build.0 = Debug|Any CPU
		{ED15C6E5-3B2C-4CAB-8A4B-DC3C421FD63A}.Debug|x86.ActiveCfg = Debug|Any CPU
		{ED15C6E5-3B2C-4CAB-8A4B-DC3C421FD63A}.Debug|x86.Build.0 = Debug|Any CPU
		{ED15C6E5-3B2C-4CAB-8A4B-DC3C421FD63A}.Release|Any CPU.ActiveCfg = Release|Any CPU
		{ED15C6E5-3B2C-4CAB-8A4B-DC3C421FD63A}.Release|Any CPU.Build.0 = Release|Any CPU
		{ED15C6E5-3B2C-4CAB-8A4B-DC3C421FD63A}.Release|x64.ActiveCfg = Release|Any CPU
		{ED15C6E5-3B2C-4CAB-8A4B-DC3C421FD63A}.Release|x64.Build.0 = Release|Any CPU
		{ED15C6E5-3B2C-4CAB-8A4B-DC3C421FD63A}.Release|x86.ActiveCfg = Release|Any CPU
		{ED15C6E5-3B2C-4CAB-8A4B-DC3C421FD63A}.Release|x86.Build.0 = Release|Any CPU
		{3ECC3304-9C0D-467A-A85B-7B4FAD704FF8}.Debug|Any CPU.ActiveCfg = Debug|Any CPU
		{3ECC3304-9C0D-467A-A85B-7B4FAD704FF8}.Debug|Any CPU.Build.0 = Debug|Any CPU
		{3ECC3304-9C0D-467A-A85B-7B4FAD704FF8}.Debug|x64.ActiveCfg = Debug|Any CPU
		{3ECC3304-9C0D-467A-A85B-7B4FAD704FF8}.Debug|x64.Build.0 = Debug|Any CPU
		{3ECC3304-9C0D-467A-A85B-7B4FAD704FF8}.Debug|x86.ActiveCfg = Debug|Any CPU
		{3ECC3304-9C0D-467A-A85B-7B4FAD704FF8}.Debug|x86.Build.0 = Debug|Any CPU
		{3ECC3304-9C0D-467A-A85B-7B4FAD704FF8}.Release|Any CPU.ActiveCfg = Release|Any CPU
		{3ECC3304-9C0D-467A-A85B-7B4FAD704FF8}.Release|Any CPU.Build.0 = Release|Any CPU
		{3ECC3304-9C0D-467A-A85B-7B4FAD704FF8}.Release|x64.ActiveCfg = Release|Any CPU
		{3ECC3304-9C0D-467A-A85B-7B4FAD704FF8}.Release|x64.Build.0 = Release|Any CPU
		{3ECC3304-9C0D-467A-A85B-7B4FAD704FF8}.Release|x86.ActiveCfg = Release|Any CPU
		{3ECC3304-9C0D-467A-A85B-7B4FAD704FF8}.Release|x86.Build.0 = Release|Any CPU
		{D3FE5AB3-CAF4-4DC5-B598-AB90409494F3}.Debug|Any CPU.ActiveCfg = Debug|Any CPU
		{D3FE5AB3-CAF4-4DC5-B598-AB90409494F3}.Debug|Any CPU.Build.0 = Debug|Any CPU
		{D3FE5AB3-CAF4-4DC5-B598-AB90409494F3}.Debug|x64.ActiveCfg = Debug|Any CPU
		{D3FE5AB3-CAF4-4DC5-B598-AB90409494F3}.Debug|x64.Build.0 = Debug|Any CPU
		{D3FE5AB3-CAF4-4DC5-B598-AB90409494F3}.Debug|x86.ActiveCfg = Debug|Any CPU
		{D3FE5AB3-CAF4-4DC5-B598-AB90409494F3}.Debug|x86.Build.0 = Debug|Any CPU
		{D3FE5AB3-CAF4-4DC5-B598-AB90409494F3}.Release|Any CPU.ActiveCfg = Release|Any CPU
		{D3FE5AB3-CAF4-4DC5-B598-AB90409494F3}.Release|Any CPU.Build.0 = Release|Any CPU
		{D3FE5AB3-CAF4-4DC5-B598-AB90409494F3}.Release|x64.ActiveCfg = Release|Any CPU
		{D3FE5AB3-CAF4-4DC5-B598-AB90409494F3}.Release|x64.Build.0 = Release|Any CPU
		{D3FE5AB3-CAF4-4DC5-B598-AB90409494F3}.Release|x86.ActiveCfg = Release|Any CPU
		{D3FE5AB3-CAF4-4DC5-B598-AB90409494F3}.Release|x86.Build.0 = Release|Any CPU
		{987EE0D7-85A5-49D0-8D83-1955A0F2E9C7}.Debug|Any CPU.ActiveCfg = Debug|Any CPU
		{987EE0D7-85A5-49D0-8D83-1955A0F2E9C7}.Debug|Any CPU.Build.0 = Debug|Any CPU
		{987EE0D7-85A5-49D0-8D83-1955A0F2E9C7}.Debug|x64.ActiveCfg = Debug|Any CPU
		{987EE0D7-85A5-49D0-8D83-1955A0F2E9C7}.Debug|x64.Build.0 = Debug|Any CPU
		{987EE0D7-85A5-49D0-8D83-1955A0F2E9C7}.Debug|x86.ActiveCfg = Debug|Any CPU
		{987EE0D7-85A5-49D0-8D83-1955A0F2E9C7}.Debug|x86.Build.0 = Debug|Any CPU
		{987EE0D7-85A5-49D0-8D83-1955A0F2E9C7}.Release|Any CPU.ActiveCfg = Release|Any CPU
		{987EE0D7-85A5-49D0-8D83-1955A0F2E9C7}.Release|Any CPU.Build.0 = Release|Any CPU
		{987EE0D7-85A5-49D0-8D83-1955A0F2E9C7}.Release|x64.ActiveCfg = Release|Any CPU
		{987EE0D7-85A5-49D0-8D83-1955A0F2E9C7}.Release|x64.Build.0 = Release|Any CPU
		{987EE0D7-85A5-49D0-8D83-1955A0F2E9C7}.Release|x86.ActiveCfg = Release|Any CPU
		{987EE0D7-85A5-49D0-8D83-1955A0F2E9C7}.Release|x86.Build.0 = Release|Any CPU
	EndGlobalSection
	GlobalSection(NestedProjects) = preSolution
		{ED15C6E5-3B2C-4CAB-8A4B-DC3C421FD63A} = {D4BDE6E9-1620-444A-9C46-3CA706E815BF}
		{3ECC3304-9C0D-467A-A85B-7B4FAD704FF8} = {A29740CE-A6C4-4543-9843-9CB178579BB9}
		{D3FE5AB3-CAF4-4DC5-B598-AB90409494F3} = {DEB8A5A6-80CE-4BB2-BB7D-5CC194AC05A7}
		{987EE0D7-85A5-49D0-8D83-1955A0F2E9C7} = {E881F816-8CD3-4C91-B006-2B134B5D885B}
	EndGlobalSection
EndGlobal
