
Microsoft Visual Studio Solution File, Format Version 12.00
# Visual Studio 15
VisualStudioVersion = 15.0.26124.0
MinimumVisualStudioVersion = 15.0.26124.0
Project("{2150E333-8FDC-42A3-9474-1A3956D46DE8}") = "1_Api", "1_Api", "{2E4E9622-97C7-4354-BD35-381D4F98E896}"
EndProject
Project("{FAE04EC0-301F-11D3-BF4B-00C04F79EFBC}") = "Logstore.Api", "1_Api\Logstore.Api\Logstore.Api.csproj", "{53B349A9-8F6D-47E9-ADDC-471295ACC6A8}"
EndProject
Project("{2150E333-8FDC-42A3-9474-1A3956D46DE8}") = "2_Domain", "2_Domain", "{9F149CE6-BBBD-43B9-BED1-9F52ED5C2B98}"
EndProject
Project("{FAE04EC0-301F-11D3-BF4B-00C04F79EFBC}") = "Logstore.Domain", "2_Domain\Logstore.Domain\Logstore.Domain.csproj", "{C59D8F1B-1AEA-4548-85C0-BC7D08F676DB}"
EndProject
Project("{2150E333-8FDC-42A3-9474-1A3956D46DE8}") = "3_Infra", "3_Infra", "{48F645FE-9DAE-4570-95F9-098740E76773}"
EndProject
Project("{FAE04EC0-301F-11D3-BF4B-00C04F79EFBC}") = "Logstore.Infra", "3_Infra\Logstore.Infra\Logstore.Infra.csproj", "{21BA5D53-82A0-4BEB-BC8F-FFDD6DFC0ED5}"
EndProject
Project("{2150E333-8FDC-42A3-9474-1A3956D46DE8}") = "4_Shared", "4_Shared", "{9F870551-3ED3-457C-B733-A365D5F78009}"
EndProject
Project("{FAE04EC0-301F-11D3-BF4B-00C04F79EFBC}") = "Logstore.Shared", "4_Shared\Logstore.Shared\Logstore.Shared.csproj", "{FFB51171-E75C-4A1D-9653-0037D52EED71}"
EndProject
Global
	GlobalSection(SolutionConfigurationPlatforms) = preSolution
		Debug|Any CPU = Debug|Any CPU
		Debug|x64 = Debug|x64
		Debug|x86 = Debug|x86
		Release|Any CPU = Release|Any CPU
		Release|x64 = Release|x64
		Release|x86 = Release|x86
	EndGlobalSection
	GlobalSection(SolutionProperties) = preSolution
		HideSolutionNode = FALSE
	EndGlobalSection
	GlobalSection(ProjectConfigurationPlatforms) = postSolution
		{53B349A9-8F6D-47E9-ADDC-471295ACC6A8}.Debug|Any CPU.ActiveCfg = Debug|Any CPU
		{53B349A9-8F6D-47E9-ADDC-471295ACC6A8}.Debug|Any CPU.Build.0 = Debug|Any CPU
		{53B349A9-8F6D-47E9-ADDC-471295ACC6A8}.Debug|x64.ActiveCfg = Debug|Any CPU
		{53B349A9-8F6D-47E9-ADDC-471295ACC6A8}.Debug|x64.Build.0 = Debug|Any CPU
		{53B349A9-8F6D-47E9-ADDC-471295ACC6A8}.Debug|x86.ActiveCfg = Debug|Any CPU
		{53B349A9-8F6D-47E9-ADDC-471295ACC6A8}.Debug|x86.Build.0 = Debug|Any CPU
		{53B349A9-8F6D-47E9-ADDC-471295ACC6A8}.Release|Any CPU.ActiveCfg = Release|Any CPU
		{53B349A9-8F6D-47E9-ADDC-471295ACC6A8}.Release|Any CPU.Build.0 = Release|Any CPU
		{53B349A9-8F6D-47E9-ADDC-471295ACC6A8}.Release|x64.ActiveCfg = Release|Any CPU
		{53B349A9-8F6D-47E9-ADDC-471295ACC6A8}.Release|x64.Build.0 = Release|Any CPU
		{53B349A9-8F6D-47E9-ADDC-471295ACC6A8}.Release|x86.ActiveCfg = Release|Any CPU
		{53B349A9-8F6D-47E9-ADDC-471295ACC6A8}.Release|x86.Build.0 = Release|Any CPU
		{C59D8F1B-1AEA-4548-85C0-BC7D08F676DB}.Debug|Any CPU.ActiveCfg = Debug|Any CPU
		{C59D8F1B-1AEA-4548-85C0-BC7D08F676DB}.Debug|Any CPU.Build.0 = Debug|Any CPU
		{C59D8F1B-1AEA-4548-85C0-BC7D08F676DB}.Debug|x64.ActiveCfg = Debug|Any CPU
		{C59D8F1B-1AEA-4548-85C0-BC7D08F676DB}.Debug|x64.Build.0 = Debug|Any CPU
		{C59D8F1B-1AEA-4548-85C0-BC7D08F676DB}.Debug|x86.ActiveCfg = Debug|Any CPU
		{C59D8F1B-1AEA-4548-85C0-BC7D08F676DB}.Debug|x86.Build.0 = Debug|Any CPU
		{C59D8F1B-1AEA-4548-85C0-BC7D08F676DB}.Release|Any CPU.ActiveCfg = Release|Any CPU
		{C59D8F1B-1AEA-4548-85C0-BC7D08F676DB}.Release|Any CPU.Build.0 = Release|Any CPU
		{C59D8F1B-1AEA-4548-85C0-BC7D08F676DB}.Release|x64.ActiveCfg = Release|Any CPU
		{C59D8F1B-1AEA-4548-85C0-BC7D08F676DB}.Release|x64.Build.0 = Release|Any CPU
		{C59D8F1B-1AEA-4548-85C0-BC7D08F676DB}.Release|x86.ActiveCfg = Release|Any CPU
		{C59D8F1B-1AEA-4548-85C0-BC7D08F676DB}.Release|x86.Build.0 = Release|Any CPU
		{21BA5D53-82A0-4BEB-BC8F-FFDD6DFC0ED5}.Debug|Any CPU.ActiveCfg = Debug|Any CPU
		{21BA5D53-82A0-4BEB-BC8F-FFDD6DFC0ED5}.Debug|Any CPU.Build.0 = Debug|Any CPU
		{21BA5D53-82A0-4BEB-BC8F-FFDD6DFC0ED5}.Debug|x64.ActiveCfg = Debug|Any CPU
		{21BA5D53-82A0-4BEB-BC8F-FFDD6DFC0ED5}.Debug|x64.Build.0 = Debug|Any CPU
		{21BA5D53-82A0-4BEB-BC8F-FFDD6DFC0ED5}.Debug|x86.ActiveCfg = Debug|Any CPU
		{21BA5D53-82A0-4BEB-BC8F-FFDD6DFC0ED5}.Debug|x86.Build.0 = Debug|Any CPU
		{21BA5D53-82A0-4BEB-BC8F-FFDD6DFC0ED5}.Release|Any CPU.ActiveCfg = Release|Any CPU
		{21BA5D53-82A0-4BEB-BC8F-FFDD6DFC0ED5}.Release|Any CPU.Build.0 = Release|Any CPU
		{21BA5D53-82A0-4BEB-BC8F-FFDD6DFC0ED5}.Release|x64.ActiveCfg = Release|Any CPU
		{21BA5D53-82A0-4BEB-BC8F-FFDD6DFC0ED5}.Release|x64.Build.0 = Release|Any CPU
		{21BA5D53-82A0-4BEB-BC8F-FFDD6DFC0ED5}.Release|x86.ActiveCfg = Release|Any CPU
		{21BA5D53-82A0-4BEB-BC8F-FFDD6DFC0ED5}.Release|x86.Build.0 = Release|Any CPU
		{FFB51171-E75C-4A1D-9653-0037D52EED71}.Debug|Any CPU.ActiveCfg = Debug|Any CPU
		{FFB51171-E75C-4A1D-9653-0037D52EED71}.Debug|Any CPU.Build.0 = Debug|Any CPU
		{FFB51171-E75C-4A1D-9653-0037D52EED71}.Debug|x64.ActiveCfg = Debug|Any CPU
		{FFB51171-E75C-4A1D-9653-0037D52EED71}.Debug|x64.Build.0 = Debug|Any CPU
		{FFB51171-E75C-4A1D-9653-0037D52EED71}.Debug|x86.ActiveCfg = Debug|Any CPU
		{FFB51171-E75C-4A1D-9653-0037D52EED71}.Debug|x86.Build.0 = Debug|Any CPU
		{FFB51171-E75C-4A1D-9653-0037D52EED71}.Release|Any CPU.ActiveCfg = Release|Any CPU
		{FFB51171-E75C-4A1D-9653-0037D52EED71}.Release|Any CPU.Build.0 = Release|Any CPU
		{FFB51171-E75C-4A1D-9653-0037D52EED71}.Release|x64.ActiveCfg = Release|Any CPU
		{FFB51171-E75C-4A1D-9653-0037D52EED71}.Release|x64.Build.0 = Release|Any CPU
		{FFB51171-E75C-4A1D-9653-0037D52EED71}.Release|x86.ActiveCfg = Release|Any CPU
		{FFB51171-E75C-4A1D-9653-0037D52EED71}.Release|x86.Build.0 = Release|Any CPU
	EndGlobalSection
	GlobalSection(NestedProjects) = preSolution
		{53B349A9-8F6D-47E9-ADDC-471295ACC6A8} = {2E4E9622-97C7-4354-BD35-381D4F98E896}
		{C59D8F1B-1AEA-4548-85C0-BC7D08F676DB} = {9F149CE6-BBBD-43B9-BED1-9F52ED5C2B98}
		{21BA5D53-82A0-4BEB-BC8F-FFDD6DFC0ED5} = {48F645FE-9DAE-4570-95F9-098740E76773}
		{FFB51171-E75C-4A1D-9653-0037D52EED71} = {9F870551-3ED3-457C-B733-A365D5F78009}
	EndGlobalSection
EndGlobal
